
Microsoft Visual Studio Solution File, Format Version 12.00
# Visual Studio 15
VisualStudioVersion = 15.0.27703.1
MinimumVisualStudioVersion = 10.0.40219.1
Project("{FAE04EC0-301F-11D3-BF4B-00C04F79EFBC}") = "AxceligentSolutions", "AxceligentSolutions\AxceligentSolutions.csproj", "{700D383C-E78F-4D54-A096-74B40902C4F1}"
EndProject
Project("{FAE04EC0-301F-11D3-BF4B-00C04F79EFBC}") = "Practice1", "Practice1\Practice1.csproj", "{8F9D22A2-CD27-4C2B-99B9-72386AC9DC60}"
EndProject
Project("{FAE04EC0-301F-11D3-BF4B-00C04F79EFBC}") = "Practice2", "Practice2\Practice2.csproj", "{B4A0196F-FF4A-415F-A08F-C4F51D5DD2B0}"
EndProject
Project("{FAE04EC0-301F-11D3-BF4B-00C04F79EFBC}") = "Practice3", "Practice3\Practice3.csproj", "{5DAED51D-25AB-4333-BA87-0296B30E801B}"
EndProject
Project("{FAE04EC0-301F-11D3-BF4B-00C04F79EFBC}") = "Practice4", "Practice4\Practice4.csproj", "{FB57F636-0EC3-4092-84C7-1130CB37A272}"
EndProject
Project("{FAE04EC0-301F-11D3-BF4B-00C04F79EFBC}") = "Practice5", "Practice5\Practice5.csproj", "{286FC0BC-4B19-432A-BDBC-58EA920EF48A}"
EndProject
Project("{FAE04EC0-301F-11D3-BF4B-00C04F79EFBC}") = "Practice6", "Practice6\Practice6.csproj", "{C63B84FF-CF0C-4C84-9DB4-424BFB7A3EF0}"
EndProject
Project("{FAE04EC0-301F-11D3-BF4B-00C04F79EFBC}") = "Practice7", "Practice7\Practice7.csproj", "{50CBBE1D-0F91-43E4-ACC2-2E014854CEBB}"
EndProject
Project("{FAE04EC0-301F-11D3-BF4B-00C04F79EFBC}") = "Practice8", "Practice8\Practice8.csproj", "{28666E4D-A3D2-450D-A1C6-F9CBD55A5656}"
EndProject
Global
	GlobalSection(SolutionConfigurationPlatforms) = preSolution
		Debug|Any CPU = Debug|Any CPU
		Release|Any CPU = Release|Any CPU
	EndGlobalSection
	GlobalSection(ProjectConfigurationPlatforms) = postSolution
		{700D383C-E78F-4D54-A096-74B40902C4F1}.Debug|Any CPU.ActiveCfg = Debug|Any CPU
		{700D383C-E78F-4D54-A096-74B40902C4F1}.Debug|Any CPU.Build.0 = Debug|Any CPU
		{700D383C-E78F-4D54-A096-74B40902C4F1}.Release|Any CPU.ActiveCfg = Release|Any CPU
		{700D383C-E78F-4D54-A096-74B40902C4F1}.Release|Any CPU.Build.0 = Release|Any CPU
		{8F9D22A2-CD27-4C2B-99B9-72386AC9DC60}.Debug|Any CPU.ActiveCfg = Debug|Any CPU
		{8F9D22A2-CD27-4C2B-99B9-72386AC9DC60}.Debug|Any CPU.Build.0 = Debug|Any CPU
		{8F9D22A2-CD27-4C2B-99B9-72386AC9DC60}.Release|Any CPU.ActiveCfg = Release|Any CPU
		{8F9D22A2-CD27-4C2B-99B9-72386AC9DC60}.Release|Any CPU.Build.0 = Release|Any CPU
		{B4A0196F-FF4A-415F-A08F-C4F51D5DD2B0}.Debug|Any CPU.ActiveCfg = Debug|Any CPU
		{B4A0196F-FF4A-415F-A08F-C4F51D5DD2B0}.Debug|Any CPU.Build.0 = Debug|Any CPU
		{B4A0196F-FF4A-415F-A08F-C4F51D5DD2B0}.Release|Any CPU.ActiveCfg = Release|Any CPU
		{B4A0196F-FF4A-415F-A08F-C4F51D5DD2B0}.Release|Any CPU.Build.0 = Release|Any CPU
		{5DAED51D-25AB-4333-BA87-0296B30E801B}.Debug|Any CPU.ActiveCfg = Debug|Any CPU
		{5DAED51D-25AB-4333-BA87-0296B30E801B}.Debug|Any CPU.Build.0 = Debug|Any CPU
		{5DAED51D-25AB-4333-BA87-0296B30E801B}.Release|Any CPU.ActiveCfg = Release|Any CPU
		{5DAED51D-25AB-4333-BA87-0296B30E801B}.Release|Any CPU.Build.0 = Release|Any CPU
		{FB57F636-0EC3-4092-84C7-1130CB37A272}.Debug|Any CPU.ActiveCfg = Debug|Any CPU
		{FB57F636-0EC3-4092-84C7-1130CB37A272}.Debug|Any CPU.Build.0 = Debug|Any CPU
		{FB57F636-0EC3-4092-84C7-1130CB37A272}.Release|Any CPU.ActiveCfg = Release|Any CPU
		{FB57F636-0EC3-4092-84C7-1130CB37A272}.Release|Any CPU.Build.0 = Release|Any CPU
		{286FC0BC-4B19-432A-BDBC-58EA920EF48A}.Debug|Any CPU.ActiveCfg = Debug|Any CPU
		{286FC0BC-4B19-432A-BDBC-58EA920EF48A}.Debug|Any CPU.Build.0 = Debug|Any CPU
		{286FC0BC-4B19-432A-BDBC-58EA920EF48A}.Release|Any CPU.ActiveCfg = Release|Any CPU
		{286FC0BC-4B19-432A-BDBC-58EA920EF48A}.Release|Any CPU.Build.0 = Release|Any CPU
		{C63B84FF-CF0C-4C84-9DB4-424BFB7A3EF0}.Debug|Any CPU.ActiveCfg = Debug|Any CPU
		{C63B84FF-CF0C-4C84-9DB4-424BFB7A3EF0}.Debug|Any CPU.Build.0 = Debug|Any CPU
		{C63B84FF-CF0C-4C84-9DB4-424BFB7A3EF0}.Release|Any CPU.ActiveCfg = Release|Any CPU
		{C63B84FF-CF0C-4C84-9DB4-424BFB7A3EF0}.Release|Any CPU.Build.0 = Release|Any CPU
		{50CBBE1D-0F91-43E4-ACC2-2E014854CEBB}.Debug|Any CPU.ActiveCfg = Debug|Any CPU
		{50CBBE1D-0F91-43E4-ACC2-2E014854CEBB}.Debug|Any CPU.Build.0 = Debug|Any CPU
		{50CBBE1D-0F91-43E4-ACC2-2E014854CEBB}.Release|Any CPU.ActiveCfg = Release|Any CPU
		{50CBBE1D-0F91-43E4-ACC2-2E014854CEBB}.Release|Any CPU.Build.0 = Release|Any CPU
		{28666E4D-A3D2-450D-A1C6-F9CBD55A5656}.Debug|Any CPU.ActiveCfg = Debug|Any CPU
		{28666E4D-A3D2-450D-A1C6-F9CBD55A5656}.Debug|Any CPU.Build.0 = Debug|Any CPU
		{28666E4D-A3D2-450D-A1C6-F9CBD55A5656}.Release|Any CPU.ActiveCfg = Release|Any CPU
		{28666E4D-A3D2-450D-A1C6-F9CBD55A5656}.Release|Any CPU.Build.0 = Release|Any CPU
	EndGlobalSection
	GlobalSection(SolutionProperties) = preSolution
		HideSolutionNode = FALSE
	EndGlobalSection
	GlobalSection(ExtensibilityGlobals) = postSolution
		SolutionGuid = {20789922-C853-47D9-A3FF-42570A373D22}
	EndGlobalSection
EndGlobal
